// !$*UTF8*$!
{
	archiveVersion = 1;
	classes = {
	};
	objectVersion = 46;
	objects = {

/* Begin PBXBuildFile section */
		C52801871DDE64D900AAF491 /* AppDelegate.swift in Sources */ = {isa = PBXBuildFile; fileRef = C52801861DDE64D900AAF491 /* AppDelegate.swift */; };
		C52801891DDE64D900AAF491 /* ViewController.swift in Sources */ = {isa = PBXBuildFile; fileRef = C52801881DDE64D900AAF491 /* ViewController.swift */; };
		C528018C1DDE64D900AAF491 /* Main.storyboard in Resources */ = {isa = PBXBuildFile; fileRef = C528018A1DDE64D900AAF491 /* Main.storyboard */; };
		C528018E1DDE64D900AAF491 /* Assets.xcassets in Resources */ = {isa = PBXBuildFile; fileRef = C528018D1DDE64D900AAF491 /* Assets.xcassets */; };
		C52801911DDE64D900AAF491 /* LaunchScreen.storyboard in Resources */ = {isa = PBXBuildFile; fileRef = C528018F1DDE64D900AAF491 /* LaunchScreen.storyboard */; };
		C52801991DDE654000AAF491 /* BRDialMenu.swift in Sources */ = {isa = PBXBuildFile; fileRef = C52801981DDE654000AAF491 /* BRDialMenu.swift */; };
/* End PBXBuildFile section */

/* Begin PBXFileReference section */
		C52801831DDE64D900AAF491 /* BRDialMenu.app */ = {isa = PBXFileReference; explicitFileType = wrapper.application; includeInIndex = 0; path = BRDialMenu.app; sourceTree = BUILT_PRODUCTS_DIR; };
		C52801861DDE64D900AAF491 /* AppDelegate.swift */ = {isa = PBXFileReference; lastKnownFileType = sourcecode.swift; path = AppDelegate.swift; sourceTree = "<group>"; };
		C52801881DDE64D900AAF491 /* ViewController.swift */ = {isa = PBXFileReference; lastKnownFileType = sourcecode.swift; path = ViewController.swift; sourceTree = "<group>"; };
		C528018B1DDE64D900AAF491 /* Base */ = {isa = PBXFileReference; lastKnownFileType = file.storyboard; name = Base; path = Base.lproj/Main.storyboard; sourceTree = "<group>"; };
		C528018D1DDE64D900AAF491 /* Assets.xcassets */ = {isa = PBXFileReference; lastKnownFileType = folder.assetcatalog; path = Assets.xcassets; sourceTree = "<group>"; };
		C52801901DDE64D900AAF491 /* Base */ = {isa = PBXFileReference; lastKnownFileType = file.storyboard; name = Base; path = Base.lproj/LaunchScreen.storyboard; sourceTree = "<group>"; };
		C52801921DDE64D900AAF491 /* Info.plist */ = {isa = PBXFileReference; lastKnownFileType = text.plist.xml; path = Info.plist; sourceTree = "<group>"; };
		C52801981DDE654000AAF491 /* BRDialMenu.swift */ = {isa = PBXFileReference; fileEncoding = 4; lastKnownFileType = sourcecode.swift; path = BRDialMenu.swift; sourceTree = "<group>"; };
/* End PBXFileReference section */

/* Begin PBXFrameworksBuildPhase section */
		C52801801DDE64D900AAF491 /* Frameworks */ = {
			isa = PBXFrameworksBuildPhase;
			buildActionMask = 2147483647;
			files = (
			);
			runOnlyForDeploymentPostprocessing = 0;
		};
/* End PBXFrameworksBuildPhase section */

/* Begin PBXGroup section */
		C528017A1DDE64D900AAF491 = {
			isa = PBXGroup;
			children = (
				C52801851DDE64D900AAF491 /* BRDialMenu */,
				C52801841DDE64D900AAF491 /* Products */,
			);
			sourceTree = "<group>";
		};
		C52801841DDE64D900AAF491 /* Products */ = {
			isa = PBXGroup;
			children = (
				C52801831DDE64D900AAF491 /* BRDialMenu.app */,
			);
			name = Products;
			sourceTree = "<group>";
		};
		C52801851DDE64D900AAF491 /* BRDialMenu */ = {
			isa = PBXGroup;
			children = (
				C52801861DDE64D900AAF491 /* AppDelegate.swift */,
				C52801881DDE64D900AAF491 /* ViewController.swift */,
				C52801981DDE654000AAF491 /* BRDialMenu.swift */,
				C528018A1DDE64D900AAF491 /* Main.storyboard */,
				C528018D1DDE64D900AAF491 /* Assets.xcassets */,
				C528018F1DDE64D900AAF491 /* LaunchScreen.storyboard */,
				C52801921DDE64D900AAF491 /* Info.plist */,
			);
			path = BRDialMenu;
			sourceTree = "<group>";
		};
/* End PBXGroup section */

/* Begin PBXNativeTarget section */
		C52801821DDE64D900AAF491 /* BRDialMenu */ = {
			isa = PBXNativeTarget;
			buildConfigurationList = C52801951DDE64D900AAF491 /* Build configuration list for PBXNativeTarget "BRDialMenu" */;
			buildPhases = (
				C528017F1DDE64D900AAF491 /* Sources */,
				C52801801DDE64D900AAF491 /* Frameworks */,
				C52801811DDE64D900AAF491 /* Resources */,
			);
			buildRules = (
			);
			dependencies = (
			);
			name = BRDialMenu;
			productName = BRDialMenu;
			productReference = C52801831DDE64D900AAF491 /* BRDialMenu.app */;
			productType = "com.apple.product-type.application";
		};
/* End PBXNativeTarget section */

/* Begin PBXProject section */
		C528017B1DDE64D900AAF491 /* Project object */ = {
			isa = PBXProject;
			attributes = {
				LastSwiftUpdateCheck = 0810;
				LastUpgradeCheck = 0810;
				ORGANIZATIONNAME = "Bobby Rehm";
				TargetAttributes = {
					C52801821DDE64D900AAF491 = {
						CreatedOnToolsVersion = 8.1;
						DevelopmentTeam = 2XQ2E77FT5;
						ProvisioningStyle = Automatic;
					};
				};
			};
			buildConfigurationList = C528017E1DDE64D900AAF491 /* Build configuration list for PBXProject "BRDialMenu" */;
			compatibilityVersion = "Xcode 3.2";
			developmentRegion = English;
			hasScannedForEncodings = 0;
			knownRegions = (
				en,
				Base,
			);
			mainGroup = C528017A1DDE64D900AAF491;
			productRefGroup = C52801841DDE64D900AAF491 /* Products */;
			projectDirPath = "";
			projectRoot = "";
			targets = (
				C52801821DDE64D900AAF491 /* BRDialMenu */,
			);
		};
/* End PBXProject section */

/* Begin PBXResourcesBuildPhase section */
		C52801811DDE64D900AAF491 /* Resources */ = {
			isa = PBXResourcesBuildPhase;
			buildActionMask = 2147483647;
			files = (
				C52801911DDE64D900AAF491 /* LaunchScreen.storyboard in Resources */,
				C528018E1DDE64D900AAF491 /* Assets.xcassets in Resources */,
				C528018C1DDE64D900AAF491 /* Main.storyboard in Resources */,
			);
			runOnlyForDeploymentPostprocessing = 0;
		};
/* End PBXResourcesBuildPhase section */

/* Begin PBXSourcesBuildPhase section */
		C528017F1DDE64D900AAF491 /* Sources */ = {
			isa = PBXSourcesBuildPhase;
			buildActionMask = 2147483647;
			files = (
				C52801991DDE654000AAF491 /* BRDialMenu.swift in Sources */,
				C52801891DDE64D900AAF491 /* ViewController.swift in Sources */,
				C52801871DDE64D900AAF491 /* AppDelegate.swift in Sources */,
			);
			runOnlyForDeploymentPostprocessing = 0;
		};
/* End PBXSourcesBuildPhase section */

/* Begin PBXVariantGroup section */
		C528018A1DDE64D900AAF491 /* Main.storyboard */ = {
			isa = PBXVariantGroup;
			children = (
				C528018B1DDE64D900AAF491 /* Base */,
			);
			name = Main.storyboard;
			sourceTree = "<group>";
		};
		C528018F1DDE64D900AAF491 /* LaunchScreen.storyboard */ = {
			isa = PBXVariantGroup;
			children = (
				C52801901DDE64D900AAF491 /* Base */,
			);
			name = LaunchScreen.storyboard;
			sourceTree = "<group>";
		};
/* End PBXVariantGroup section */

/* Begin XCBuildConfiguration section */
		C52801931DDE64D900AAF491 /* Debug */ = {
			isa = XCBuildConfiguration;
			buildSettings = {
				ALWAYS_SEARCH_USER_PATHS = NO;
				CLANG_ANALYZER_NONNULL = YES;
				CLANG_CXX_LANGUAGE_STANDARD = "gnu++0x";
				CLANG_CXX_LIBRARY = "libc++";
				CLANG_ENABLE_MODULES = YES;
				CLANG_ENABLE_OBJC_ARC = YES;
				CLANG_WARN_BOOL_CONVERSION = YES;
				CLANG_WARN_CONSTANT_CONVERSION = YES;
				CLANG_WARN_DIRECT_OBJC_ISA_USAGE = YES_ERROR;
				CLANG_WARN_DOCUMENTATION_COMMENTS = YES;
				CLANG_WARN_EMPTY_BODY = YES;
				CLANG_WARN_ENUM_CONVERSION = YES;
				CLANG_WARN_INFINITE_RECURSION = YES;
				CLANG_WARN_INT_CONVERSION = YES;
				CLANG_WARN_OBJC_ROOT_CLASS = YES_ERROR;
				CLANG_WARN_SUSPICIOUS_MOVES = YES;
				CLANG_WARN_UNREACHABLE_CODE = YES;
				CLANG_WARN__DUPLICATE_METHOD_MATCH = YES;
				"CODE_SIGN_IDENTITY[sdk=iphoneos*]" = "iPhone Developer";
				COPY_PHASE_STRIP = NO;
				DEBUG_INFORMATION_FORMAT = dwarf;
				ENABLE_STRICT_OBJC_MSGSEND = YES;
				ENABLE_TESTABILITY = YES;
				GCC_C_LANGUAGE_STANDARD = gnu99;
				GCC_DYNAMIC_NO_PIC = NO;
				GCC_NO_COMMON_BLOCKS = YES;
				GCC_OPTIMIZATION_LEVEL = 0;
				GCC_PREPROCESSOR_DEFINITIONS = (
					"DEBUG=1",
					"$(inherited)",
				);
				GCC_WARN_64_TO_32_BIT_CONVERSION = YES;
				GCC_WARN_ABOUT_RETURN_TYPE = YES_ERROR;
				GCC_WARN_UNDECLARED_SELECTOR = YES;
				GCC_WARN_UNINITIALIZED_AUTOS = YES_AGGRESSIVE;
				GCC_WARN_UNUSED_FUNCTION = YES;
				GCC_WARN_UNUSED_VARIABLE = YES;
				IPHONEOS_DEPLOYMENT_TARGET = 10.1;
				MTL_ENABLE_DEBUG_INFO = YES;
				ONLY_ACTIVE_ARCH = YES;
				SDKROOT = iphoneos;
				SWIFT_ACTIVE_COMPILATION_CONDITIONS = DEBUG;
				SWIFT_OPTIMIZATION_LEVEL = "-Onone";
				TARGETED_DEVICE_FAMILY = "1,2";
			};
			name = Debug;
		};
		C52801941DDE64D900AAF491 /* Release */ = {
			isa = XCBuildConfiguration;
			buildSettings = {
				ALWAYS_SEARCH_USER_PATHS = NO;
				CLANG_ANALYZER_NONNULL = YES;
				CLANG_CXX_LANGUAGE_STANDARD = "gnu++0x";
				CLANG_CXX_LIBRARY = "libc++";
				CLANG_ENABLE_MODULES = YES;
				CLANG_ENABLE_OBJC_ARC = YES;
				CLANG_WARN_BOOL_CONVERSION = YES;
				CLANG_WARN_CONSTANT_CONVERSION = YES;
				CLANG_WARN_DIRECT_OBJC_ISA_USAGE = YES_ERROR;
				CLANG_WARN_DOCUMENTATION_COMMENTS = YES;
				CLANG_WARN_EMPTY_BODY = YES;
				CLANG_WARN_ENUM_CONVERSION = YES;
				CLANG_WARN_INFINITE_RECURSION = YES;
				CLANG_WARN_INT_CONVERSION = YES;
				CLANG_WARN_OBJC_ROOT_CLASS = YES_ERROR;
				CLANG_WARN_SUSPICIOUS_MOVES = YES;
				CLANG_WARN_UNREACHABLE_CODE = YES;
				CLANG_WARN__DUPLICATE_METHOD_MATCH = YES;
				"CODE_SIGN_IDENTITY[sdk=iphoneos*]" = "iPhone Developer";
				COPY_PHASE_STRIP = NO;
				DEBUG_INFORMATION_FORMAT = "dwarf-with-dsym";
				ENABLE_NS_ASSERTIONS = NO;
				ENABLE_STRICT_OBJC_MSGSEND = YES;
				GCC_C_LANGUAGE_STANDARD = gnu99;
				GCC_NO_COMMON_BLOCKS = YES;
				GCC_WARN_64_TO_32_BIT_CONVERSION = YES;
				GCC_WARN_ABOUT_RETURN_TYPE = YES_ERROR;
				GCC_WARN_UNDECLARED_SELECTOR = YES;
				GCC_WARN_UNINITIALIZED_AUTOS = YES_AGGRESSIVE;
				GCC_WARN_UNUSED_FUNCTION = YES;
				GCC_WARN_UNUSED_VARIABLE = YES;
				IPHONEOS_DEPLOYMENT_TARGET = 10.1;
				MTL_ENABLE_DEBUG_INFO = NO;
				SDKROOT = iphoneos;
				SWIFT_OPTIMIZATION_LEVEL = "-Owholemodule";
				TARGETED_DEVICE_FAMILY = "1,2";
				VALIDATE_PRODUCT = YES;
			};
			name = Release;
		};
		C52801961DDE64D900AAF491 /* Debug */ = {
			isa = XCBuildConfiguration;
			buildSettings = {
				ASSETCATALOG_COMPILER_APPICON_NAME = AppIcon;
				DEVELOPMENT_TEAM = 2XQ2E77FT5;
				INFOPLIST_FILE = BRDialMenu/Info.plist;
				IPHONEOS_DEPLOYMENT_TARGET = 10.0;
				LD_RUNPATH_SEARCH_PATHS = "$(inherited) @executable_path/Frameworks";
				PRODUCT_BUNDLE_IDENTIFIER = com.rehmix.BRDialMenu;
				PRODUCT_NAME = "$(TARGET_NAME)";
				SWIFT_VERSION = 3.0;
			};
			name = Debug;
		};
		C52801971DDE64D900AAF491 /* Release */ = {
			isa = XCBuildConfiguration;
			buildSettings = {
				ASSETCATALOG_COMPILER_APPICON_NAME = AppIcon;
				DEVELOPMENT_TEAM = 2XQ2E77FT5;
				INFOPLIST_FILE = BRDialMenu/Info.plist;
				IPHONEOS_DEPLOYMENT_TARGET = 10.0;
				LD_RUNPATH_SEARCH_PATHS = "$(inherited) @executable_path/Frameworks";
				PRODUCT_BUNDLE_IDENTIFIER = com.rehmix.BRDialMenu;
				PRODUCT_NAME = "$(TARGET_NAME)";
				SWIFT_VERSION = 3.0;
			};
			name = Release;
		};
/* End XCBuildConfiguration section */

/* Begin XCConfigurationList section */
		C528017E1DDE64D900AAF491 /* Build configuration list for PBXProject "BRDialMenu" */ = {
			isa = XCConfigurationList;
			buildConfigurations = (
				C52801931DDE64D900AAF491 /* Debug */,
				C52801941DDE64D900AAF491 /* Release */,
			);
			defaultConfigurationIsVisible = 0;
			defaultConfigurationName = Release;
		};
		C52801951DDE64D900AAF491 /* Build configuration list for PBXNativeTarget "BRDialMenu" */ = {
			isa = XCConfigurationList;
			buildConfigurations = (
				C52801961DDE64D900AAF491 /* Debug */,
				C52801971DDE64D900AAF491 /* Release */,
			);
			defaultConfigurationIsVisible = 0;
			defaultConfigurationName = Release;
		};
/* End XCConfigurationList section */
	};
	rootObject = C528017B1DDE64D900AAF491 /* Project object */;
}
